
Microsoft Visual Studio Solution File, Format Version 11.00
# Visual Studio 2010
Project("{8BC9CEB8-8B4A-11D0-8D11-00A0C91BC942}") = "For1", "For1\For1.vcxproj", "{A0E282A2-4C29-4F9F-942E-0C7F83862E69}"
EndProject
Project("{8BC9CEB8-8B4A-11D0-8D11-00A0C91BC942}") = "For2", "For2\For2.vcxproj", "{DB30445B-6310-487E-8E43-CECCB0D16A39}"
EndProject
Project("{8BC9CEB8-8B4A-11D0-8D11-00A0C91BC942}") = "For3", "For3\For3.vcxproj", "{0D859E6B-8F46-426C-83A5-F8EB495001FB}"
EndProject
Project("{8BC9CEB8-8B4A-11D0-8D11-00A0C91BC942}") = "for4", "for4\for4.vcxproj", "{D0337F25-9896-4A7B-87D6-7B9F490E4397}"
EndProject
Project("{8BC9CEB8-8B4A-11D0-8D11-00A0C91BC942}") = "for5", "for5\for5.vcxproj", "{F6D6DD0B-2F6E-4947-8252-56ABAD7A0B20}"
EndProject
Global
	GlobalSection(SolutionConfigurationPlatforms) = preSolution
		Debug|Win32 = Debug|Win32
		Release|Win32 = Release|Win32
	EndGlobalSection
	GlobalSection(ProjectConfigurationPlatforms) = postSolution
		{A0E282A2-4C29-4F9F-942E-0C7F83862E69}.Debug|Win32.ActiveCfg = Debug|Win32
		{A0E282A2-4C29-4F9F-942E-0C7F83862E69}.Debug|Win32.Build.0 = Debug|Win32
		{A0E282A2-4C29-4F9F-942E-0C7F83862E69}.Release|Win32.ActiveCfg = Release|Win32
		{A0E282A2-4C29-4F9F-942E-0C7F83862E69}.Release|Win32.Build.0 = Release|Win32
		{DB30445B-6310-487E-8E43-CECCB0D16A39}.Debug|Win32.ActiveCfg = Debug|Win32
		{DB30445B-6310-487E-8E43-CECCB0D16A39}.Debug|Win32.Build.0 = Debug|Win32
		{DB30445B-6310-487E-8E43-CECCB0D16A39}.Release|Win32.ActiveCfg = Release|Win32
		{DB30445B-6310-487E-8E43-CECCB0D16A39}.Release|Win32.Build.0 = Release|Win32
		{0D859E6B-8F46-426C-83A5-F8EB495001FB}.Debug|Win32.ActiveCfg = Debug|Win32
		{0D859E6B-8F46-426C-83A5-F8EB495001FB}.Debug|Win32.Build.0 = Debug|Win32
		{0D859E6B-8F46-426C-83A5-F8EB495001FB}.Release|Win32.ActiveCfg = Release|Win32
		{0D859E6B-8F46-426C-83A5-F8EB495001FB}.Release|Win32.Build.0 = Release|Win32
		{D0337F25-9896-4A7B-87D6-7B9F490E4397}.Debug|Win32.ActiveCfg = Debug|Win32
		{D0337F25-9896-4A7B-87D6-7B9F490E4397}.Debug|Win32.Build.0 = Debug|Win32
		{D0337F25-9896-4A7B-87D6-7B9F490E4397}.Release|Win32.ActiveCfg = Release|Win32
		{D0337F25-9896-4A7B-87D6-7B9F490E4397}.Release|Win32.Build.0 = Release|Win32
		{F6D6DD0B-2F6E-4947-8252-56ABAD7A0B20}.Debug|Win32.ActiveCfg = Debug|Win32
		{F6D6DD0B-2F6E-4947-8252-56ABAD7A0B20}.Debug|Win32.Build.0 = Debug|Win32
		{F6D6DD0B-2F6E-4947-8252-56ABAD7A0B20}.Release|Win32.ActiveCfg = Release|Win32
		{F6D6DD0B-2F6E-4947-8252-56ABAD7A0B20}.Release|Win32.Build.0 = Release|Win32
	EndGlobalSection
	GlobalSection(SolutionProperties) = preSolution
		HideSolutionNode = FALSE
	EndGlobalSection
EndGlobal
