
Microsoft Visual Studio Solution File, Format Version 11.00
# Visual Studio 2010
Project("{8BC9CEB8-8B4A-11D0-8D11-00A0C91BC942}") = "array1", "array1\array1.vcxproj", "{EA8BCE90-4668-4FFB-9BBC-07750D125A44}"
EndProject
Project("{8BC9CEB8-8B4A-11D0-8D11-00A0C91BC942}") = "array2", "array2\array2.vcxproj", "{17896D2C-557E-4810-85D1-1A35F290AC05}"
EndProject
Project("{8BC9CEB8-8B4A-11D0-8D11-00A0C91BC942}") = "array3", "array3\array3.vcxproj", "{EAFF0082-D149-4A50-A6C6-3E727B784518}"
EndProject
Project("{8BC9CEB8-8B4A-11D0-8D11-00A0C91BC942}") = "array4", "array4\array4.vcxproj", "{508C64E1-1C67-4863-BAAB-6A803632CFF8}"
EndProject
Project("{8BC9CEB8-8B4A-11D0-8D11-00A0C91BC942}") = "array5", "array5\array5.vcxproj", "{95C886E6-29EE-4422-9AFB-902EF02A10A0}"
EndProject
Project("{8BC9CEB8-8B4A-11D0-8D11-00A0C91BC942}") = "array6", "array6\array6.vcxproj", "{08CD5402-934A-495D-9F02-5FDA9EE0E71C}"
EndProject
Project("{8BC9CEB8-8B4A-11D0-8D11-00A0C91BC942}") = "array7", "array7\array7.vcxproj", "{97F16088-19B2-43D0-B87E-BE5F1FBDBBE3}"
EndProject
Project("{8BC9CEB8-8B4A-11D0-8D11-00A0C91BC942}") = "array8", "array8\array8.vcxproj", "{0DC435C9-3F2B-4B7E-B66E-4F6CFD2E293C}"
EndProject
Project("{8BC9CEB8-8B4A-11D0-8D11-00A0C91BC942}") = "swap2", "swap2\swap2.vcxproj", "{F8125A59-1A45-4771-8C8B-566D4152CAD1}"
EndProject
Project("{8BC9CEB8-8B4A-11D0-8D11-00A0C91BC942}") = "swap3", "swap3\swap3.vcxproj", "{3122B93C-70DD-4E6D-BAB9-873F86DA687E}"
EndProject
Project("{8BC9CEB8-8B4A-11D0-8D11-00A0C91BC942}") = "swap4", "swap4\swap4.vcxproj", "{CE30B1FD-ADD8-420A-8D66-D5D2361B84BA}"
EndProject
Project("{8BC9CEB8-8B4A-11D0-8D11-00A0C91BC942}") = "swap5", "swap5\swap5.vcxproj", "{C7C80BEF-D087-4BA5-AEE7-56822FFE6ACF}"
EndProject
Project("{8BC9CEB8-8B4A-11D0-8D11-00A0C91BC942}") = "swap6", "swap6\swap6.vcxproj", "{4F5F3D9E-F138-4ADF-B211-918FD86E7720}"
EndProject
Project("{8BC9CEB8-8B4A-11D0-8D11-00A0C91BC942}") = "swap7", "swap7\swap7.vcxproj", "{A85957C9-9D55-47E4-AAFA-1820B1A747D0}"
EndProject
Project("{8BC9CEB8-8B4A-11D0-8D11-00A0C91BC942}") = "for1", "for1\for1.vcxproj", "{CAD83395-6045-4422-8812-2DBA6A67269D}"
EndProject
Project("{8BC9CEB8-8B4A-11D0-8D11-00A0C91BC942}") = "for2", "for2\for2.vcxproj", "{6BD98475-5A89-44AB-9218-5B45631358D4}"
EndProject
Global
	GlobalSection(SolutionConfigurationPlatforms) = preSolution
		Debug|Win32 = Debug|Win32
		Release|Win32 = Release|Win32
	EndGlobalSection
	GlobalSection(ProjectConfigurationPlatforms) = postSolution
		{EA8BCE90-4668-4FFB-9BBC-07750D125A44}.Debug|Win32.ActiveCfg = Debug|Win32
		{EA8BCE90-4668-4FFB-9BBC-07750D125A44}.Debug|Win32.Build.0 = Debug|Win32
		{EA8BCE90-4668-4FFB-9BBC-07750D125A44}.Release|Win32.ActiveCfg = Release|Win32
		{EA8BCE90-4668-4FFB-9BBC-07750D125A44}.Release|Win32.Build.0 = Release|Win32
		{17896D2C-557E-4810-85D1-1A35F290AC05}.Debug|Win32.ActiveCfg = Debug|Win32
		{17896D2C-557E-4810-85D1-1A35F290AC05}.Debug|Win32.Build.0 = Debug|Win32
		{17896D2C-557E-4810-85D1-1A35F290AC05}.Release|Win32.ActiveCfg = Release|Win32
		{17896D2C-557E-4810-85D1-1A35F290AC05}.Release|Win32.Build.0 = Release|Win32
		{EAFF0082-D149-4A50-A6C6-3E727B784518}.Debug|Win32.ActiveCfg = Debug|Win32
		{EAFF0082-D149-4A50-A6C6-3E727B784518}.Debug|Win32.Build.0 = Debug|Win32
		{EAFF0082-D149-4A50-A6C6-3E727B784518}.Release|Win32.ActiveCfg = Release|Win32
		{EAFF0082-D149-4A50-A6C6-3E727B784518}.Release|Win32.Build.0 = Release|Win32
		{508C64E1-1C67-4863-BAAB-6A803632CFF8}.Debug|Win32.ActiveCfg = Debug|Win32
		{508C64E1-1C67-4863-BAAB-6A803632CFF8}.Debug|Win32.Build.0 = Debug|Win32
		{508C64E1-1C67-4863-BAAB-6A803632CFF8}.Release|Win32.ActiveCfg = Release|Win32
		{508C64E1-1C67-4863-BAAB-6A803632CFF8}.Release|Win32.Build.0 = Release|Win32
		{95C886E6-29EE-4422-9AFB-902EF02A10A0}.Debug|Win32.ActiveCfg = Debug|Win32
		{95C886E6-29EE-4422-9AFB-902EF02A10A0}.Debug|Win32.Build.0 = Debug|Win32
		{95C886E6-29EE-4422-9AFB-902EF02A10A0}.Release|Win32.ActiveCfg = Release|Win32
		{95C886E6-29EE-4422-9AFB-902EF02A10A0}.Release|Win32.Build.0 = Release|Win32
		{08CD5402-934A-495D-9F02-5FDA9EE0E71C}.Debug|Win32.ActiveCfg = Debug|Win32
		{08CD5402-934A-495D-9F02-5FDA9EE0E71C}.Debug|Win32.Build.0 = Debug|Win32
		{08CD5402-934A-495D-9F02-5FDA9EE0E71C}.Release|Win32.ActiveCfg = Release|Win32
		{08CD5402-934A-495D-9F02-5FDA9EE0E71C}.Release|Win32.Build.0 = Release|Win32
		{97F16088-19B2-43D0-B87E-BE5F1FBDBBE3}.Debug|Win32.ActiveCfg = Debug|Win32
		{97F16088-19B2-43D0-B87E-BE5F1FBDBBE3}.Debug|Win32.Build.0 = Debug|Win32
		{97F16088-19B2-43D0-B87E-BE5F1FBDBBE3}.Release|Win32.ActiveCfg = Release|Win32
		{97F16088-19B2-43D0-B87E-BE5F1FBDBBE3}.Release|Win32.Build.0 = Release|Win32
		{0DC435C9-3F2B-4B7E-B66E-4F6CFD2E293C}.Debug|Win32.ActiveCfg = Debug|Win32
		{0DC435C9-3F2B-4B7E-B66E-4F6CFD2E293C}.Debug|Win32.Build.0 = Debug|Win32
		{0DC435C9-3F2B-4B7E-B66E-4F6CFD2E293C}.Release|Win32.ActiveCfg = Release|Win32
		{0DC435C9-3F2B-4B7E-B66E-4F6CFD2E293C}.Release|Win32.Build.0 = Release|Win32
		{F8125A59-1A45-4771-8C8B-566D4152CAD1}.Debug|Win32.ActiveCfg = Debug|Win32
		{F8125A59-1A45-4771-8C8B-566D4152CAD1}.Debug|Win32.Build.0 = Debug|Win32
		{F8125A59-1A45-4771-8C8B-566D4152CAD1}.Release|Win32.ActiveCfg = Release|Win32
		{F8125A59-1A45-4771-8C8B-566D4152CAD1}.Release|Win32.Build.0 = Release|Win32
		{3122B93C-70DD-4E6D-BAB9-873F86DA687E}.Debug|Win32.ActiveCfg = Debug|Win32
		{3122B93C-70DD-4E6D-BAB9-873F86DA687E}.Debug|Win32.Build.0 = Debug|Win32
		{3122B93C-70DD-4E6D-BAB9-873F86DA687E}.Release|Win32.ActiveCfg = Release|Win32
		{3122B93C-70DD-4E6D-BAB9-873F86DA687E}.Release|Win32.Build.0 = Release|Win32
		{CE30B1FD-ADD8-420A-8D66-D5D2361B84BA}.Debug|Win32.ActiveCfg = Debug|Win32
		{CE30B1FD-ADD8-420A-8D66-D5D2361B84BA}.Debug|Win32.Build.0 = Debug|Win32
		{CE30B1FD-ADD8-420A-8D66-D5D2361B84BA}.Release|Win32.ActiveCfg = Release|Win32
		{CE30B1FD-ADD8-420A-8D66-D5D2361B84BA}.Release|Win32.Build.0 = Release|Win32
		{C7C80BEF-D087-4BA5-AEE7-56822FFE6ACF}.Debug|Win32.ActiveCfg = Debug|Win32
		{C7C80BEF-D087-4BA5-AEE7-56822FFE6ACF}.Debug|Win32.Build.0 = Debug|Win32
		{C7C80BEF-D087-4BA5-AEE7-56822FFE6ACF}.Release|Win32.ActiveCfg = Release|Win32
		{C7C80BEF-D087-4BA5-AEE7-56822FFE6ACF}.Release|Win32.Build.0 = Release|Win32
		{4F5F3D9E-F138-4ADF-B211-918FD86E7720}.Debug|Win32.ActiveCfg = Debug|Win32
		{4F5F3D9E-F138-4ADF-B211-918FD86E7720}.Debug|Win32.Build.0 = Debug|Win32
		{4F5F3D9E-F138-4ADF-B211-918FD86E7720}.Release|Win32.ActiveCfg = Release|Win32
		{4F5F3D9E-F138-4ADF-B211-918FD86E7720}.Release|Win32.Build.0 = Release|Win32
		{A85957C9-9D55-47E4-AAFA-1820B1A747D0}.Debug|Win32.ActiveCfg = Debug|Win32
		{A85957C9-9D55-47E4-AAFA-1820B1A747D0}.Debug|Win32.Build.0 = Debug|Win32
		{A85957C9-9D55-47E4-AAFA-1820B1A747D0}.Release|Win32.ActiveCfg = Release|Win32
		{A85957C9-9D55-47E4-AAFA-1820B1A747D0}.Release|Win32.Build.0 = Release|Win32
		{CAD83395-6045-4422-8812-2DBA6A67269D}.Debug|Win32.ActiveCfg = Debug|Win32
		{CAD83395-6045-4422-8812-2DBA6A67269D}.Debug|Win32.Build.0 = Debug|Win32
		{CAD83395-6045-4422-8812-2DBA6A67269D}.Release|Win32.ActiveCfg = Release|Win32
		{CAD83395-6045-4422-8812-2DBA6A67269D}.Release|Win32.Build.0 = Release|Win32
		{6BD98475-5A89-44AB-9218-5B45631358D4}.Debug|Win32.ActiveCfg = Debug|Win32
		{6BD98475-5A89-44AB-9218-5B45631358D4}.Debug|Win32.Build.0 = Debug|Win32
		{6BD98475-5A89-44AB-9218-5B45631358D4}.Release|Win32.ActiveCfg = Release|Win32
		{6BD98475-5A89-44AB-9218-5B45631358D4}.Release|Win32.Build.0 = Release|Win32
	EndGlobalSection
	GlobalSection(SolutionProperties) = preSolution
		HideSolutionNode = FALSE
	EndGlobalSection
EndGlobal
