
Microsoft Visual Studio Solution File, Format Version 11.00
# Visual Studio 2010
Project("{8BC9CEB8-8B4A-11D0-8D11-00A0C91BC942}") = "Function", "Function\Function.vcxproj", "{1518A27D-FAD3-43C7-BD0E-2FED9B61212D}"
EndProject
Project("{8BC9CEB8-8B4A-11D0-8D11-00A0C91BC942}") = "Function2", "Function2\Function2.vcxproj", "{850B502F-C7B3-4512-8BE3-C40C6D96ED6E}"
EndProject
Global
	GlobalSection(SolutionConfigurationPlatforms) = preSolution
		Debug|Win32 = Debug|Win32
		Release|Win32 = Release|Win32
	EndGlobalSection
	GlobalSection(ProjectConfigurationPlatforms) = postSolution
		{1518A27D-FAD3-43C7-BD0E-2FED9B61212D}.Debug|Win32.ActiveCfg = Debug|Win32
		{1518A27D-FAD3-43C7-BD0E-2FED9B61212D}.Debug|Win32.Build.0 = Debug|Win32
		{1518A27D-FAD3-43C7-BD0E-2FED9B61212D}.Release|Win32.ActiveCfg = Release|Win32
		{1518A27D-FAD3-43C7-BD0E-2FED9B61212D}.Release|Win32.Build.0 = Release|Win32
		{850B502F-C7B3-4512-8BE3-C40C6D96ED6E}.Debug|Win32.ActiveCfg = Debug|Win32
		{850B502F-C7B3-4512-8BE3-C40C6D96ED6E}.Debug|Win32.Build.0 = Debug|Win32
		{850B502F-C7B3-4512-8BE3-C40C6D96ED6E}.Release|Win32.ActiveCfg = Release|Win32
		{850B502F-C7B3-4512-8BE3-C40C6D96ED6E}.Release|Win32.Build.0 = Release|Win32
	EndGlobalSection
	GlobalSection(SolutionProperties) = preSolution
		HideSolutionNode = FALSE
	EndGlobalSection
EndGlobal
