
Microsoft Visual Studio Solution File, Format Version 11.00
# Visual Studio 2010
Project("{8BC9CEB8-8B4A-11D0-8D11-00A0C91BC942}") = "1 Function", "Function\Function.vcxproj", "{1518A27D-FAD3-43C7-BD0E-2FED9B61212D}"
EndProject
Project("{8BC9CEB8-8B4A-11D0-8D11-00A0C91BC942}") = "2 Function2", "Function2\Function2.vcxproj", "{850B502F-C7B3-4512-8BE3-C40C6D96ED6E}"
EndProject
Project("{8BC9CEB8-8B4A-11D0-8D11-00A0C91BC942}") = "3 Abs", "Abs\Abs.vcxproj", "{E4CBE3B1-3DB2-461F-88DD-8D55A422E36A}"
EndProject
Project("{8BC9CEB8-8B4A-11D0-8D11-00A0C91BC942}") = "4 Min", "Min\Min.vcxproj", "{C7750DFD-DF5C-46E6-9906-E193F9CD795D}"
EndProject
Project("{8BC9CEB8-8B4A-11D0-8D11-00A0C91BC942}") = "5 Maximize", "Maximize\Maximize.vcxproj", "{197AEEB9-055C-44C6-8B30-5E1293CE84A7}"
EndProject
Project("{8BC9CEB8-8B4A-11D0-8D11-00A0C91BC942}") = "6 MakeRand", "MakeRand\MakeRand.vcxproj", "{D9B38DE2-80D0-4BAA-877B-A70A0481694F}"
EndProject
Project("{8BC9CEB8-8B4A-11D0-8D11-00A0C91BC942}") = "7 MakeRandRange", "MakeRandRange\MakeRandRange.vcxproj", "{0D15F64C-B6F6-469C-85C0-EB6D8B220A4F}"
EndProject
Project("{8BC9CEB8-8B4A-11D0-8D11-00A0C91BC942}") = "8 Lotto", "rotto\rotto.vcxproj", "{F8E73CB8-43C6-4A09-8DB8-E65B90525A37}"
EndProject
Global
	GlobalSection(SolutionConfigurationPlatforms) = preSolution
		Debug|Win32 = Debug|Win32
		Release|Win32 = Release|Win32
	EndGlobalSection
	GlobalSection(ProjectConfigurationPlatforms) = postSolution
		{1518A27D-FAD3-43C7-BD0E-2FED9B61212D}.Debug|Win32.ActiveCfg = Debug|Win32
		{1518A27D-FAD3-43C7-BD0E-2FED9B61212D}.Debug|Win32.Build.0 = Debug|Win32
		{1518A27D-FAD3-43C7-BD0E-2FED9B61212D}.Release|Win32.ActiveCfg = Release|Win32
		{1518A27D-FAD3-43C7-BD0E-2FED9B61212D}.Release|Win32.Build.0 = Release|Win32
		{850B502F-C7B3-4512-8BE3-C40C6D96ED6E}.Debug|Win32.ActiveCfg = Debug|Win32
		{850B502F-C7B3-4512-8BE3-C40C6D96ED6E}.Debug|Win32.Build.0 = Debug|Win32
		{850B502F-C7B3-4512-8BE3-C40C6D96ED6E}.Release|Win32.ActiveCfg = Release|Win32
		{850B502F-C7B3-4512-8BE3-C40C6D96ED6E}.Release|Win32.Build.0 = Release|Win32
		{E4CBE3B1-3DB2-461F-88DD-8D55A422E36A}.Debug|Win32.ActiveCfg = Debug|Win32
		{E4CBE3B1-3DB2-461F-88DD-8D55A422E36A}.Debug|Win32.Build.0 = Debug|Win32
		{E4CBE3B1-3DB2-461F-88DD-8D55A422E36A}.Release|Win32.ActiveCfg = Release|Win32
		{E4CBE3B1-3DB2-461F-88DD-8D55A422E36A}.Release|Win32.Build.0 = Release|Win32
		{C7750DFD-DF5C-46E6-9906-E193F9CD795D}.Debug|Win32.ActiveCfg = Debug|Win32
		{C7750DFD-DF5C-46E6-9906-E193F9CD795D}.Debug|Win32.Build.0 = Debug|Win32
		{C7750DFD-DF5C-46E6-9906-E193F9CD795D}.Release|Win32.ActiveCfg = Release|Win32
		{C7750DFD-DF5C-46E6-9906-E193F9CD795D}.Release|Win32.Build.0 = Release|Win32
		{197AEEB9-055C-44C6-8B30-5E1293CE84A7}.Debug|Win32.ActiveCfg = Debug|Win32
		{197AEEB9-055C-44C6-8B30-5E1293CE84A7}.Debug|Win32.Build.0 = Debug|Win32
		{197AEEB9-055C-44C6-8B30-5E1293CE84A7}.Release|Win32.ActiveCfg = Release|Win32
		{197AEEB9-055C-44C6-8B30-5E1293CE84A7}.Release|Win32.Build.0 = Release|Win32
		{D9B38DE2-80D0-4BAA-877B-A70A0481694F}.Debug|Win32.ActiveCfg = Debug|Win32
		{D9B38DE2-80D0-4BAA-877B-A70A0481694F}.Debug|Win32.Build.0 = Debug|Win32
		{D9B38DE2-80D0-4BAA-877B-A70A0481694F}.Release|Win32.ActiveCfg = Release|Win32
		{D9B38DE2-80D0-4BAA-877B-A70A0481694F}.Release|Win32.Build.0 = Release|Win32
		{0D15F64C-B6F6-469C-85C0-EB6D8B220A4F}.Debug|Win32.ActiveCfg = Debug|Win32
		{0D15F64C-B6F6-469C-85C0-EB6D8B220A4F}.Debug|Win32.Build.0 = Debug|Win32
		{0D15F64C-B6F6-469C-85C0-EB6D8B220A4F}.Release|Win32.ActiveCfg = Release|Win32
		{0D15F64C-B6F6-469C-85C0-EB6D8B220A4F}.Release|Win32.Build.0 = Release|Win32
		{F8E73CB8-43C6-4A09-8DB8-E65B90525A37}.Debug|Win32.ActiveCfg = Debug|Win32
		{F8E73CB8-43C6-4A09-8DB8-E65B90525A37}.Debug|Win32.Build.0 = Debug|Win32
		{F8E73CB8-43C6-4A09-8DB8-E65B90525A37}.Release|Win32.ActiveCfg = Release|Win32
		{F8E73CB8-43C6-4A09-8DB8-E65B90525A37}.Release|Win32.Build.0 = Release|Win32
	EndGlobalSection
	GlobalSection(SolutionProperties) = preSolution
		HideSolutionNode = FALSE
	EndGlobalSection
EndGlobal
